lockfileVersion: '9.0'

settings:
  autoInstallPeers: true
  excludeLinksFromLockfile: false

importers:

  .:
    dependencies:
      claude:
        specifier: ^0.1.2
        version: 0.1.2

packages:

  claude@0.1.2:
    resolution: {integrity: sha512-Qjrrs+G1pwovbIgGh5R1Ni4Al79AfpbkvfonpHH0yj86cfOq3AoAzNbEeD9TQ980hrog8TM0vh1CNn+7uf/zYA==}
    deprecated: The official Claude Code package is available at @anthropic-ai/claude-code

snapshots:

  claude@0.1.2: {}
